{
  "version": 4,
  "terraform_version": "1.9.6",
  "serial": 574,
  "lineage": "ec7c5558-66d1-ba34-e56b-6de6a0d54aa5",
  "outputs": {
    "vm_ip_addresses": {
      "value": [
        {
          "hostname": "k8s-controller-node",
          "public_ip": "52.174.150.129"
        },
        {
          "hostname": "k8s-worker-node-1",
          "public_ip": "52.174.251.124"
        },
        {
          "hostname": "k8s-worker-node-2",
          "public_ip": "40.68.33.17"
        }
      ],
      "type": [
        "tuple",
        [
          [
            "object",
            {
              "hostname": "string",
              "public_ip": "string"
            }
          ],
          [
            "object",
            {
              "hostname": "string",
              "public_ip": "string"
            }
          ],
          [
            "object",
            {
              "hostname": "string",
              "public_ip": "string"
            }
          ]
        ]
      ]
    }
  },
  "resources": [
    {
      "mode": "data",
      "type": "azurerm_public_ip",
      "name": "dop_ip_data",
      "provider": "provider[\"registry.terraform.io/hashicorp/azurerm\"]",
      "instances": [
        {
          "index_key": 0,
          "schema_version": 0,
          "attributes": {
            "allocation_method": "Dynamic",
            "ddos_protection_mode": "VirtualNetworkInherited",
            "ddos_protection_plan_id": null,
            "domain_name_label": "",
            "fqdn": "",
            "id": "/subscriptions/b5798305-3a2b-40a8-ab96-90e8c471ddeb/resourceGroups/dop-rg/providers/Microsoft.Network/publicIPAddresses/dop-controller-node-ip",
            "idle_timeout_in_minutes": 4,
            "ip_address": "52.174.150.129",
            "ip_tags": {},
            "ip_version": "IPv4",
            "location": "westeurope",
            "name": "dop-controller-node-ip",
            "resource_group_name": "dop-rg",
            "reverse_fqdn": "",
            "sku": "Basic",
            "tags": {
              "environment": "Development"
            },
            "timeouts": null,
            "zones": []
          },
          "sensitive_attributes": []
        },
        {
          "index_key": 1,
          "schema_version": 0,
          "attributes": {
            "allocation_method": "Dynamic",
            "ddos_protection_mode": "VirtualNetworkInherited",
            "ddos_protection_plan_id": null,
            "domain_name_label": "",
            "fqdn": "",
            "id": "/subscriptions/b5798305-3a2b-40a8-ab96-90e8c471ddeb/resourceGroups/dop-rg/providers/Microsoft.Network/publicIPAddresses/dop-worker-node-1-ip",
            "idle_timeout_in_minutes": 4,
            "ip_address": "52.174.251.124",
            "ip_tags": {},
            "ip_version": "IPv4",
            "location": "westeurope",
            "name": "dop-worker-node-1-ip",
            "resource_group_name": "dop-rg",
            "reverse_fqdn": "",
            "sku": "Basic",
            "tags": {
              "environment": "Development"
            },
            "timeouts": null,
            "zones": []
          },
          "sensitive_attributes": []
        },
        {
          "index_key": 2,
          "schema_version": 0,
          "attributes": {
            "allocation_method": "Dynamic",
            "ddos_protection_mode": "VirtualNetworkInherited",
            "ddos_protection_plan_id": null,
            "domain_name_label": "",
            "fqdn": "",
            "id": "/subscriptions/b5798305-3a2b-40a8-ab96-90e8c471ddeb/resourceGroups/dop-rg/providers/Microsoft.Network/publicIPAddresses/dop-worker-node-2-ip",
            "idle_timeout_in_minutes": 4,
            "ip_address": "40.68.33.17",
            "ip_tags": {},
            "ip_version": "IPv4",
            "location": "westeurope",
            "name": "dop-worker-node-2-ip",
            "resource_group_name": "dop-rg",
            "reverse_fqdn": "",
            "sku": "Basic",
            "tags": {
              "environment": "Development"
            },
            "timeouts": null,
            "zones": []
          },
          "sensitive_attributes": []
        }
      ]
    },
    {
      "mode": "managed",
      "type": "azurerm_linux_virtual_machine",
      "name": "dop_k8s_vms",
      "provider": "provider[\"registry.terraform.io/hashicorp/azurerm\"]",
      "instances": [
        {
          "index_key": 0,
          "schema_version": 0,
          "attributes": {
            "additional_capabilities": [],
            "admin_password": null,
            "admin_ssh_key": [
              {
                "public_key": "ssh-rsa AAAAB3NzaC1yc2EAAAADAQABAAABgQC44FckFJ20L0LMNtumnpURn5TLo7bsVqSYCl9V8hloIcsnGK4pmfIYIFRKFprdeOmjmVFZfR3XzI8rQOILIUtaeBxKIC9710Ybs/ayAVi4T2IjVwqpTGj7isn+joEmzJ0LIPJs2QrwSqA/RLHxKFKYz1xR9fuhSDbSVIkSryeznkBq7q5xqqmmhYUYxtXd9AlqHyxOEwij0pDbCu44/GZWlsPTgQ9GrJWdPjMAUSOhA2zegKpMO2dRwscv3f97YbbksUQyIxAD5lGMK2ylmrLmBH0AHbN8Idmoka/l5DDgm7IbbEtyPnXisA8fE9mya1DfsifMegiAF6/XkhhREGHc7OdfctLO/J7rHsu27o5UB03gaaMLoVhGTvfFJg9KMukZJBjSK5ZFBOGAGRNMwEfyexHLN8ByPniflXzswDYNajqEed8/EVtWVuFYkQrgva94qpF57qv05P6+9E3T5k+f6ZqZWgf7FsWuol9Pw1fp8+puRGMeWdDHKxNjvC3PyCk= schor@Mehdi-PC\r\n",
                "username": "adminuser"
              }
            ],
            "admin_username": "adminuser",
            "allow_extension_operations": true,
            "availability_set_id": "",
            "boot_diagnostics": [],
            "bypass_platform_safety_checks_on_user_schedule_enabled": false,
            "capacity_reservation_group_id": "",
            "computer_name": "k8s-controller-node",
            "custom_data": "IyEvYmluL2Jhc2gNCiMNCiMgQ29tbW9uIHNldHVwIGZvciBhbGwgc2VydmVycyAoQ29udHJvbCBQbGFuZSBhbmQgTm9kZXMpDQoNCnNldCAtZXV4byBwaXBlZmFpbA0KDQojIEt1YmVybmV0ZXMgVmVyc2lvbiBEZWNsYXJhdGlvbg0KS1VCRVJORVRFU19WRVJTSU9OPSJ2MS4zMCINCktVQkVSTkVURVNfSU5TVEFMTF9WRVJTSU9OPSIxLjMwLjAtMS4xIg0KDQojIERpc2FibGUgc3dhcA0Kc3VkbyBzd2Fwb2ZmIC1hDQoNCiMgS2VlcHMgdGhlIHN3YXAgb2ZmIGR1cmluZyByZWJvb3QNCihjcm9udGFiIC1sIDI+L2Rldi9udWxsOyBlY2hvICJAcmVib290IC9zYmluL3N3YXBvZmYgLWEiKSB8IGNyb250YWIgLSB8fCB0cnVlDQpzdWRvIGFwdC1nZXQgdXBkYXRlIC15DQoNCiMgQ3JlYXRlIHRoZSAuY29uZiBmaWxlIHRvIGxvYWQgdGhlIG1vZHVsZXMgYXQgYm9vdHVwDQpjYXQgPDxFT0YgfCBzdWRvIHRlZSAvZXRjL21vZHVsZXMtbG9hZC5kL2s4cy5jb25mDQpvdmVybGF5DQpicl9uZXRmaWx0ZXINCkVPRg0KDQpzdWRvIG1vZHByb2JlIG92ZXJsYXkNCnN1ZG8gbW9kcHJvYmUgYnJfbmV0ZmlsdGVyDQoNCiMgU3lzY3RsIHBhcmFtcyByZXF1aXJlZCBieSBzZXR1cCwgcGFyYW1zIHBlcnNpc3QgYWNyb3NzIHJlYm9vdHMNCmNhdCA8PEVPRiB8IHN1ZG8gdGVlIC9ldGMvc3lzY3RsLmQvazhzLmNvbmYNCm5ldC5icmlkZ2UuYnJpZGdlLW5mLWNhbGwtaXB0YWJsZXMgID0gMQ0KbmV0LmJyaWRnZS5icmlkZ2UtbmYtY2FsbC1pcDZ0YWJsZXMgPSAxDQpuZXQuaXB2NC5pcF9mb3J3YXJkICAgICAgICAgICAgICAgICA9IDENCkVPRg0KDQojIEFwcGx5IHN5c2N0bCBwYXJhbXMgd2l0aG91dCByZWJvb3QNCnN1ZG8gc3lzY3RsIC0tc3lzdGVtDQoNCnN1ZG8gYXB0LWdldCB1cGRhdGUgLXkNCnN1ZG8gYXB0LWdldCBpbnN0YWxsIC15IGFwdC10cmFuc3BvcnQtaHR0cHMgY2EtY2VydGlmaWNhdGVzIGN1cmwgZ3BnDQoNCiMgSW5zdGFsbCBEb2NrZXINCiMgQWRkIERvY2tlcidzIG9mZmljaWFsIEdQRyBrZXk6DQpzdWRvIGFwdC1nZXQgdXBkYXRlIC15DQpzdWRvIGFwdC1nZXQgaW5zdGFsbCAteSBjYS1jZXJ0aWZpY2F0ZXMgY3VybA0Kc3VkbyBpbnN0YWxsIC1tIDA3NTUgLWQgL2V0Yy9hcHQva2V5cmluZ3MNCnN1ZG8gY3VybCAtZnNTTCBodHRwczovL2Rvd25sb2FkLmRvY2tlci5jb20vbGludXgvdWJ1bnR1L2dwZyAtbyAvZXRjL2FwdC9rZXlyaW5ncy9kb2NrZXIuYXNjDQpzdWRvIGNobW9kIGErciAvZXRjL2FwdC9rZXlyaW5ncy9kb2NrZXIuYXNjDQoNCiMgQWRkIHRoZSByZXBvc2l0b3J5IHRvIEFwdCBzb3VyY2VzOg0KZWNobyBcDQogICJkZWIgW2FyY2g9JChkcGtnIC0tcHJpbnQtYXJjaGl0ZWN0dXJlKSBzaWduZWQtYnk9L2V0Yy9hcHQva2V5cmluZ3MvZG9ja2VyLmFzY10gaHR0cHM6Ly9kb3dubG9hZC5kb2NrZXIuY29tL2xpbnV4L3VidW50dSBcDQogICQoLiAvZXRjL29zLXJlbGVhc2UgJiYgZWNobyAiJFZFUlNJT05fQ09ERU5BTUUiKSBzdGFibGUiIHwgXA0KICBzdWRvIHRlZSAvZXRjL2FwdC9zb3VyY2VzLmxpc3QuZC9kb2NrZXIubGlzdCA+IC9kZXYvbnVsbA0Kc3VkbyBhcHQtZ2V0IHVwZGF0ZSAteQ0Kc3VkbyBhcHQtZ2V0IGluc3RhbGwgLXkgZG9ja2VyLWNlIGRvY2tlci1jZS1jbGkgY29udGFpbmVyZC5pbyBkb2NrZXItYnVpbGR4LXBsdWdpbiBkb2NrZXItY29tcG9zZS1wbHVnaW4NCg0KIyBJbnN0YWxsIGt1YmVsZXQsIGt1YmVjdGwsIGFuZCBrdWJlYWRtDQpjdXJsIC1mc1NMIGh0dHBzOi8vcGtncy5rOHMuaW8vY29yZTovc3RhYmxlOi8kS1VCRVJORVRFU19WRVJTSU9OL2RlYi9SZWxlYXNlLmtleSB8IGdwZyAtLWRlYXJtb3IgLW8gL2V0Yy9hcHQva2V5cmluZ3Mva3ViZXJuZXRlcy1hcHQta2V5cmluZy5ncGcNCg0KZWNobyAiZGViIFtzaWduZWQtYnk9L2V0Yy9hcHQva2V5cmluZ3Mva3ViZXJuZXRlcy1hcHQta2V5cmluZy5ncGddIGh0dHBzOi8vcGtncy5rOHMuaW8vY29yZTovc3RhYmxlOi8kS1VCRVJORVRFU19WRVJTSU9OL2RlYi8gLyIgfCB0ZWUgL2V0Yy9hcHQvc291cmNlcy5saXN0LmQva3ViZXJuZXRlcy5saXN0DQoNCnN1ZG8gYXB0LWdldCB1cGRhdGUgLXkNCnN1ZG8gYXB0LWdldCBpbnN0YWxsIC15IGt1YmVsZXQ9IiRLVUJFUk5FVEVTX0lOU1RBTExfVkVSU0lPTiIga3ViZWN0bD0iJEtVQkVSTkVURVNfSU5TVEFMTF9WRVJTSU9OIiBrdWJlYWRtPSIkS1VCRVJORVRFU19JTlNUQUxMX1ZFUlNJT04iDQpzdWRvIGFwdC1tYXJrIGhvbGQga3ViZWxldCBrdWJlYWRtIGt1YmVjdGwNCg0Kc3VkbyBta2RpciAtcCAvZXRjL2NvbnRhaW5lcmQNCnN1ZG8gY29udGFpbmVyZCBjb25maWcgZGVmYXVsdCB8IHN1ZG8gdGVlIC9ldGMvY29udGFpbmVyZC9jb25maWcudG9tbA0Kc3VkbyBzZWQgLWkgJ3MvU3lzdGVtZENncm91cCA9IGZhbHNlL1N5c3RlbWRDZ3JvdXAgPSB0cnVlLycgL2V0Yy9jb250YWluZXJkL2NvbmZpZy50b21sDQpzdWRvIHN5c3RlbWN0bCByZXN0YXJ0IGNvbnRhaW5lcmQNCg0Kc3VkbyBhcHQtZ2V0IHVwZGF0ZSAteQ0KIyBPTiBDT05UUk9MTEVSIE5PREUgOg0KIyBzdWRvIGt1YmVhZG0gaW5pdCAtLXBvZC1uZXR3b3JrLWNpZHI9MTAuMjQ0LjAuMC8xNg0KIyBta2RpciAtcCAkSE9NRS8ua3ViZQ0KIyBzdWRvIGNwIC1pIC9ldGMva3ViZXJuZXRlcy9hZG1pbi5jb25mICRIT01FLy5rdWJlL2NvbmZpZw0KIyBzdWRvIGNob3duICQoaWQgLXUpOiQoaWQgLWcpICRIT01FLy5rdWJlL2NvbmZpZw0KIyBrdWJlY3RsIGFwcGx5IC1mIGh0dHBzOi8vZG9jcy5wcm9qZWN0Y2FsaWNvLm9yZy9tYW5pZmVzdHMvY2FsaWNvLnlhbWwNCiMga3ViZWN0bCBhcHBseSAtZiBodHRwczovL3Jhdy5naXRodWJ1c2VyY29udGVudC5jb20va3ViZXJuZXRlcy9pbmdyZXNzLW5naW54L2NvbnRyb2xsZXItdjEuMTEuMi9kZXBsb3kvc3RhdGljL3Byb3ZpZGVyL2JhcmVtZXRhbC9kZXBsb3kueWFtbA==",
            "dedicated_host_group_id": "",
            "dedicated_host_id": "",
            "disable_password_authentication": true,
            "disk_controller_type": "",
            "edge_zone": "",
            "encryption_at_host_enabled": false,
            "eviction_policy": "",
            "extensions_time_budget": "PT1H30M",
            "gallery_application": [],
            "id": "/subscriptions/b5798305-3a2b-40a8-ab96-90e8c471ddeb/resourceGroups/dop-rg/providers/Microsoft.Compute/virtualMachines/k8s-controller-node",
            "identity": [],
            "license_type": "",
            "location": "westeurope",
            "max_bid_price": -1,
            "name": "k8s-controller-node",
            "network_interface_ids": [
              "/subscriptions/b5798305-3a2b-40a8-ab96-90e8c471ddeb/resourceGroups/dop-rg/providers/Microsoft.Network/networkInterfaces/dop-controller-node-nic"
            ],
            "os_disk": [
              {
                "caching": "ReadWrite",
                "diff_disk_settings": [],
                "disk_encryption_set_id": "",
                "disk_size_gb": 30,
                "name": "k8s-controller-node_OsDisk_1_e58dcba690a1448a95d36ab9b54badcd",
                "secure_vm_disk_encryption_set_id": "",
                "security_encryption_type": "",
                "storage_account_type": "Standard_LRS",
                "write_accelerator_enabled": false
              }
            ],
            "os_image_notification": [],
            "patch_assessment_mode": "ImageDefault",
            "patch_mode": "ImageDefault",
            "plan": [],
            "platform_fault_domain": -1,
            "priority": "Regular",
            "private_ip_address": "10.0.1.4",
            "private_ip_addresses": [
              "10.0.1.4"
            ],
            "provision_vm_agent": true,
            "proximity_placement_group_id": "",
            "public_ip_address": "52.174.150.129",
            "public_ip_addresses": [
              "52.174.150.129"
            ],
            "reboot_setting": "",
            "resource_group_name": "dop-rg",
            "secret": [],
            "secure_boot_enabled": false,
            "size": "Standard_F2",
            "source_image_id": "",
            "source_image_reference": [
              {
                "offer": "0001-com-ubuntu-server-jammy",
                "publisher": "Canonical",
                "sku": "22_04-lts",
                "version": "latest"
              }
            ],
            "tags": {
              "environment": "Development"
            },
            "termination_notification": [],
            "timeouts": null,
            "user_data": "",
            "virtual_machine_id": "60839713-9c88-4673-9eb3-74eb0b0d4869",
            "virtual_machine_scale_set_id": "",
            "vm_agent_platform_updates_enabled": false,
            "vtpm_enabled": false,
            "zone": ""
          },
          "sensitive_attributes": [
            [
              {
                "type": "get_attr",
                "value": "admin_password"
              }
            ],
            [
              {
                "type": "get_attr",
                "value": "custom_data"
              }
            ]
          ],
          "private": "eyJlMmJmYjczMC1lY2FhLTExZTYtOGY4OC0zNDM2M2JjN2M0YzAiOnsiY3JlYXRlIjoyNzAwMDAwMDAwMDAwLCJkZWxldGUiOjI3MDAwMDAwMDAwMDAsInJlYWQiOjMwMDAwMDAwMDAwMCwidXBkYXRlIjoyNzAwMDAwMDAwMDAwfX0=",
          "dependencies": [
            "azurerm_network_interface.dop_nic",
            "azurerm_public_ip.dop_ip",
            "azurerm_resource_group.dop_rg",
            "azurerm_subnet.dop_subnet",
            "azurerm_virtual_network.dop_vn"
          ]
        },
        {
          "index_key": 1,
          "schema_version": 0,
          "attributes": {
            "additional_capabilities": [],
            "admin_password": null,
            "admin_ssh_key": [
              {
                "public_key": "ssh-rsa AAAAB3NzaC1yc2EAAAADAQABAAABgQCj5P266FjnWgZKMm7vRwiFCbjAFmWaOnY5R6GvUgKTOKsUlPnDjDU6JVGbM3wMNmqvd59zAaZuMzdxNHIekCqr36+1Na13CSd4+4c8TYp0l+serwNKSmGHs2yl0aBVxUBcqNkltVkai4qhdgcYy0RxyukXFVSTw2gqykfggfmmBpTipEvnpjApZoOVky3JHDzU2cggGB0YNfR1gBy+QH3YloifVe5VVHmdxIO6dMNlfUaYgq4ICW920slQvqlKR8QS87fv1qV7pdAvZKoq9hniQs5BPE8a4JImPFWUbPWP3OK0XlSQdHL/l4MGhCoM/gJm/k5EDsvWxfwrgVKXjPuRK9IreHJJbEnKqM86fgIoWe1EMZrXz7wpY7HEstXBccI6GmWjBv1Kh/UqMksksi9X9gibcQQ8f2aF6JOD0Kx/oyguD8i3v/En9WGbvgNQM+79iv2oY9xEAb4ptgEmn6gj3+OsDMfbgj2xYZk90TSr4SMsCwXj4LRTZ+ITc8cW3vs= schor@Mehdi-PC\r\n",
                "username": "adminuser"
              }
            ],
            "admin_username": "adminuser",
            "allow_extension_operations": true,
            "availability_set_id": "",
            "boot_diagnostics": [],
            "bypass_platform_safety_checks_on_user_schedule_enabled": false,
            "capacity_reservation_group_id": "",
            "computer_name": "k8s-worker-node-1",
            "custom_data": "IyEvYmluL2Jhc2gNCiMNCiMgQ29tbW9uIHNldHVwIGZvciBhbGwgc2VydmVycyAoQ29udHJvbCBQbGFuZSBhbmQgTm9kZXMpDQoNCnNldCAtZXV4byBwaXBlZmFpbA0KDQojIEt1YmVybmV0ZXMgVmVyc2lvbiBEZWNsYXJhdGlvbg0KS1VCRVJORVRFU19WRVJTSU9OPSJ2MS4zMCINCktVQkVSTkVURVNfSU5TVEFMTF9WRVJTSU9OPSIxLjMwLjAtMS4xIg0KDQojIERpc2FibGUgc3dhcA0Kc3VkbyBzd2Fwb2ZmIC1hDQoNCiMgS2VlcHMgdGhlIHN3YXAgb2ZmIGR1cmluZyByZWJvb3QNCihjcm9udGFiIC1sIDI+L2Rldi9udWxsOyBlY2hvICJAcmVib290IC9zYmluL3N3YXBvZmYgLWEiKSB8IGNyb250YWIgLSB8fCB0cnVlDQpzdWRvIGFwdC1nZXQgdXBkYXRlIC15DQoNCiMgQ3JlYXRlIHRoZSAuY29uZiBmaWxlIHRvIGxvYWQgdGhlIG1vZHVsZXMgYXQgYm9vdHVwDQpjYXQgPDxFT0YgfCBzdWRvIHRlZSAvZXRjL21vZHVsZXMtbG9hZC5kL2s4cy5jb25mDQpvdmVybGF5DQpicl9uZXRmaWx0ZXINCkVPRg0KDQpzdWRvIG1vZHByb2JlIG92ZXJsYXkNCnN1ZG8gbW9kcHJvYmUgYnJfbmV0ZmlsdGVyDQoNCiMgU3lzY3RsIHBhcmFtcyByZXF1aXJlZCBieSBzZXR1cCwgcGFyYW1zIHBlcnNpc3QgYWNyb3NzIHJlYm9vdHMNCmNhdCA8PEVPRiB8IHN1ZG8gdGVlIC9ldGMvc3lzY3RsLmQvazhzLmNvbmYNCm5ldC5icmlkZ2UuYnJpZGdlLW5mLWNhbGwtaXB0YWJsZXMgID0gMQ0KbmV0LmJyaWRnZS5icmlkZ2UtbmYtY2FsbC1pcDZ0YWJsZXMgPSAxDQpuZXQuaXB2NC5pcF9mb3J3YXJkICAgICAgICAgICAgICAgICA9IDENCkVPRg0KDQojIEFwcGx5IHN5c2N0bCBwYXJhbXMgd2l0aG91dCByZWJvb3QNCnN1ZG8gc3lzY3RsIC0tc3lzdGVtDQoNCnN1ZG8gYXB0LWdldCB1cGRhdGUgLXkNCnN1ZG8gYXB0LWdldCBpbnN0YWxsIC15IGFwdC10cmFuc3BvcnQtaHR0cHMgY2EtY2VydGlmaWNhdGVzIGN1cmwgZ3BnDQoNCiMgSW5zdGFsbCBEb2NrZXINCiMgQWRkIERvY2tlcidzIG9mZmljaWFsIEdQRyBrZXk6DQpzdWRvIGFwdC1nZXQgdXBkYXRlIC15DQpzdWRvIGFwdC1nZXQgaW5zdGFsbCAteSBjYS1jZXJ0aWZpY2F0ZXMgY3VybA0Kc3VkbyBpbnN0YWxsIC1tIDA3NTUgLWQgL2V0Yy9hcHQva2V5cmluZ3MNCnN1ZG8gY3VybCAtZnNTTCBodHRwczovL2Rvd25sb2FkLmRvY2tlci5jb20vbGludXgvdWJ1bnR1L2dwZyAtbyAvZXRjL2FwdC9rZXlyaW5ncy9kb2NrZXIuYXNjDQpzdWRvIGNobW9kIGErciAvZXRjL2FwdC9rZXlyaW5ncy9kb2NrZXIuYXNjDQoNCiMgQWRkIHRoZSByZXBvc2l0b3J5IHRvIEFwdCBzb3VyY2VzOg0KZWNobyBcDQogICJkZWIgW2FyY2g9JChkcGtnIC0tcHJpbnQtYXJjaGl0ZWN0dXJlKSBzaWduZWQtYnk9L2V0Yy9hcHQva2V5cmluZ3MvZG9ja2VyLmFzY10gaHR0cHM6Ly9kb3dubG9hZC5kb2NrZXIuY29tL2xpbnV4L3VidW50dSBcDQogICQoLiAvZXRjL29zLXJlbGVhc2UgJiYgZWNobyAiJFZFUlNJT05fQ09ERU5BTUUiKSBzdGFibGUiIHwgXA0KICBzdWRvIHRlZSAvZXRjL2FwdC9zb3VyY2VzLmxpc3QuZC9kb2NrZXIubGlzdCA+IC9kZXYvbnVsbA0Kc3VkbyBhcHQtZ2V0IHVwZGF0ZSAteQ0Kc3VkbyBhcHQtZ2V0IGluc3RhbGwgLXkgZG9ja2VyLWNlIGRvY2tlci1jZS1jbGkgY29udGFpbmVyZC5pbyBkb2NrZXItYnVpbGR4LXBsdWdpbiBkb2NrZXItY29tcG9zZS1wbHVnaW4NCg0KIyBJbnN0YWxsIGt1YmVsZXQsIGt1YmVjdGwsIGFuZCBrdWJlYWRtDQpjdXJsIC1mc1NMIGh0dHBzOi8vcGtncy5rOHMuaW8vY29yZTovc3RhYmxlOi8kS1VCRVJORVRFU19WRVJTSU9OL2RlYi9SZWxlYXNlLmtleSB8IGdwZyAtLWRlYXJtb3IgLW8gL2V0Yy9hcHQva2V5cmluZ3Mva3ViZXJuZXRlcy1hcHQta2V5cmluZy5ncGcNCg0KZWNobyAiZGViIFtzaWduZWQtYnk9L2V0Yy9hcHQva2V5cmluZ3Mva3ViZXJuZXRlcy1hcHQta2V5cmluZy5ncGddIGh0dHBzOi8vcGtncy5rOHMuaW8vY29yZTovc3RhYmxlOi8kS1VCRVJORVRFU19WRVJTSU9OL2RlYi8gLyIgfCB0ZWUgL2V0Yy9hcHQvc291cmNlcy5saXN0LmQva3ViZXJuZXRlcy5saXN0DQoNCnN1ZG8gYXB0LWdldCB1cGRhdGUgLXkNCnN1ZG8gYXB0LWdldCBpbnN0YWxsIC15IGt1YmVsZXQ9IiRLVUJFUk5FVEVTX0lOU1RBTExfVkVSU0lPTiIga3ViZWN0bD0iJEtVQkVSTkVURVNfSU5TVEFMTF9WRVJTSU9OIiBrdWJlYWRtPSIkS1VCRVJORVRFU19JTlNUQUxMX1ZFUlNJT04iDQpzdWRvIGFwdC1tYXJrIGhvbGQga3ViZWxldCBrdWJlYWRtIGt1YmVjdGwNCg0Kc3VkbyBta2RpciAtcCAvZXRjL2NvbnRhaW5lcmQNCnN1ZG8gY29udGFpbmVyZCBjb25maWcgZGVmYXVsdCB8IHN1ZG8gdGVlIC9ldGMvY29udGFpbmVyZC9jb25maWcudG9tbA0Kc3VkbyBzZWQgLWkgJ3MvU3lzdGVtZENncm91cCA9IGZhbHNlL1N5c3RlbWRDZ3JvdXAgPSB0cnVlLycgL2V0Yy9jb250YWluZXJkL2NvbmZpZy50b21sDQpzdWRvIHN5c3RlbWN0bCByZXN0YXJ0IGNvbnRhaW5lcmQNCg0Kc3VkbyBhcHQtZ2V0IHVwZGF0ZSAteQ0KIyBPTiBDT05UUk9MTEVSIE5PREUgOg0KIyBzdWRvIGt1YmVhZG0gaW5pdCAtLXBvZC1uZXR3b3JrLWNpZHI9MTAuMjQ0LjAuMC8xNg0KIyBta2RpciAtcCAkSE9NRS8ua3ViZQ0KIyBzdWRvIGNwIC1pIC9ldGMva3ViZXJuZXRlcy9hZG1pbi5jb25mICRIT01FLy5rdWJlL2NvbmZpZw0KIyBzdWRvIGNob3duICQoaWQgLXUpOiQoaWQgLWcpICRIT01FLy5rdWJlL2NvbmZpZw0KIyBrdWJlY3RsIGFwcGx5IC1mIGh0dHBzOi8vZG9jcy5wcm9qZWN0Y2FsaWNvLm9yZy9tYW5pZmVzdHMvY2FsaWNvLnlhbWwNCiMga3ViZWN0bCBhcHBseSAtZiBodHRwczovL3Jhdy5naXRodWJ1c2VyY29udGVudC5jb20va3ViZXJuZXRlcy9pbmdyZXNzLW5naW54L2NvbnRyb2xsZXItdjEuMTEuMi9kZXBsb3kvc3RhdGljL3Byb3ZpZGVyL2JhcmVtZXRhbC9kZXBsb3kueWFtbA==",
            "dedicated_host_group_id": "",
            "dedicated_host_id": "",
            "disable_password_authentication": true,
            "disk_controller_type": "",
            "edge_zone": "",
            "encryption_at_host_enabled": false,
            "eviction_policy": "",
            "extensions_time_budget": "PT1H30M",
            "gallery_application": [],
            "id": "/subscriptions/b5798305-3a2b-40a8-ab96-90e8c471ddeb/resourceGroups/dop-rg/providers/Microsoft.Compute/virtualMachines/k8s-worker-node-1",
            "identity": [],
            "license_type": "",
            "location": "westeurope",
            "max_bid_price": -1,
            "name": "k8s-worker-node-1",
            "network_interface_ids": [
              "/subscriptions/b5798305-3a2b-40a8-ab96-90e8c471ddeb/resourceGroups/dop-rg/providers/Microsoft.Network/networkInterfaces/dop-worker-node-1-nic"
            ],
            "os_disk": [
              {
                "caching": "ReadWrite",
                "diff_disk_settings": [],
                "disk_encryption_set_id": "",
                "disk_size_gb": 30,
                "name": "k8s-worker-node-1_OsDisk_1_d482fd69b0474411a6f58c2ba9ecb994",
                "secure_vm_disk_encryption_set_id": "",
                "security_encryption_type": "",
                "storage_account_type": "Standard_LRS",
                "write_accelerator_enabled": false
              }
            ],
            "os_image_notification": [],
            "patch_assessment_mode": "ImageDefault",
            "patch_mode": "ImageDefault",
            "plan": [],
            "platform_fault_domain": -1,
            "priority": "Regular",
            "private_ip_address": "10.0.2.4",
            "private_ip_addresses": [
              "10.0.2.4"
            ],
            "provision_vm_agent": true,
            "proximity_placement_group_id": "",
            "public_ip_address": "52.174.251.124",
            "public_ip_addresses": [
              "52.174.251.124"
            ],
            "reboot_setting": "",
            "resource_group_name": "dop-rg",
            "secret": [],
            "secure_boot_enabled": false,
            "size": "Standard_B1s",
            "source_image_id": "",
            "source_image_reference": [
              {
                "offer": "0001-com-ubuntu-server-jammy",
                "publisher": "Canonical",
                "sku": "22_04-lts",
                "version": "latest"
              }
            ],
            "tags": {
              "environment": "Development"
            },
            "termination_notification": [],
            "timeouts": null,
            "user_data": "",
            "virtual_machine_id": "b8d12076-fd06-416f-82c8-71e150367220",
            "virtual_machine_scale_set_id": "",
            "vm_agent_platform_updates_enabled": false,
            "vtpm_enabled": false,
            "zone": ""
          },
          "sensitive_attributes": [
            [
              {
                "type": "get_attr",
                "value": "admin_password"
              }
            ],
            [
              {
                "type": "get_attr",
                "value": "custom_data"
              }
            ]
          ],
          "private": "eyJlMmJmYjczMC1lY2FhLTExZTYtOGY4OC0zNDM2M2JjN2M0YzAiOnsiY3JlYXRlIjoyNzAwMDAwMDAwMDAwLCJkZWxldGUiOjI3MDAwMDAwMDAwMDAsInJlYWQiOjMwMDAwMDAwMDAwMCwidXBkYXRlIjoyNzAwMDAwMDAwMDAwfX0=",
          "dependencies": [
            "azurerm_network_interface.dop_nic",
            "azurerm_public_ip.dop_ip",
            "azurerm_resource_group.dop_rg",
            "azurerm_subnet.dop_subnet",
            "azurerm_virtual_network.dop_vn"
          ]
        },
        {
          "index_key": 2,
          "schema_version": 0,
          "attributes": {
            "additional_capabilities": [],
            "admin_password": null,
            "admin_ssh_key": [
              {
                "public_key": "ssh-rsa AAAAB3NzaC1yc2EAAAADAQABAAABgQDOTntO5Y2QkbC6lmBhupp+a+mB+STbtgFWNpG40zEaYycBv8hbkWv2mbjjoC+zcl4RF+sUXWBlVqKI88J9Uy1toyG8v2ZtBrDXZ9AJXfs7zUXEIxpilPwdOoRsGS+D6lx3VvMtPHZL8Nm50FX0jEAdXWgGdcdVnch+JvpvOAFIDxMMOO5qE620KOp2dJnN/yzJl/70Ib6ZBvQl+9gaiVY8XCaGqh/SahqluTd7P45lJIwaaHh77Xngm9rmtWa1d1JK3zIlS2lV8win69+cGcbBPVKm4v2115JCa7INPTlxxxoSHSNClfrttjZUh07oHtAbuQiMFrXPBIUuI58/OoyAVIO01vR9PZvko8WFhxWETtJfqEEGC1PUejES2+N/f6ZT56cR+lfSNBwTx8MtUW0WLnFeSbsLuKd6vXn7xFXOkV5cCZhwx8mKkk4NWbWngV9p1q9AfjnlafmSADgXY90QuzAZ8fBequOvyP+BU0Srye6WuOdGThpEIhT5lyZD7IE= schor@Mehdi-PC\r\n",
                "username": "adminuser"
              }
            ],
            "admin_username": "adminuser",
            "allow_extension_operations": true,
            "availability_set_id": "",
            "boot_diagnostics": [],
            "bypass_platform_safety_checks_on_user_schedule_enabled": false,
            "capacity_reservation_group_id": "",
            "computer_name": "k8s-worker-node-2",
            "custom_data": "IyEvYmluL2Jhc2gNCiMNCiMgQ29tbW9uIHNldHVwIGZvciBhbGwgc2VydmVycyAoQ29udHJvbCBQbGFuZSBhbmQgTm9kZXMpDQoNCnNldCAtZXV4byBwaXBlZmFpbA0KDQojIEt1YmVybmV0ZXMgVmVyc2lvbiBEZWNsYXJhdGlvbg0KS1VCRVJORVRFU19WRVJTSU9OPSJ2MS4zMCINCktVQkVSTkVURVNfSU5TVEFMTF9WRVJTSU9OPSIxLjMwLjAtMS4xIg0KDQojIERpc2FibGUgc3dhcA0Kc3VkbyBzd2Fwb2ZmIC1hDQoNCiMgS2VlcHMgdGhlIHN3YXAgb2ZmIGR1cmluZyByZWJvb3QNCihjcm9udGFiIC1sIDI+L2Rldi9udWxsOyBlY2hvICJAcmVib290IC9zYmluL3N3YXBvZmYgLWEiKSB8IGNyb250YWIgLSB8fCB0cnVlDQpzdWRvIGFwdC1nZXQgdXBkYXRlIC15DQoNCiMgQ3JlYXRlIHRoZSAuY29uZiBmaWxlIHRvIGxvYWQgdGhlIG1vZHVsZXMgYXQgYm9vdHVwDQpjYXQgPDxFT0YgfCBzdWRvIHRlZSAvZXRjL21vZHVsZXMtbG9hZC5kL2s4cy5jb25mDQpvdmVybGF5DQpicl9uZXRmaWx0ZXINCkVPRg0KDQpzdWRvIG1vZHByb2JlIG92ZXJsYXkNCnN1ZG8gbW9kcHJvYmUgYnJfbmV0ZmlsdGVyDQoNCiMgU3lzY3RsIHBhcmFtcyByZXF1aXJlZCBieSBzZXR1cCwgcGFyYW1zIHBlcnNpc3QgYWNyb3NzIHJlYm9vdHMNCmNhdCA8PEVPRiB8IHN1ZG8gdGVlIC9ldGMvc3lzY3RsLmQvazhzLmNvbmYNCm5ldC5icmlkZ2UuYnJpZGdlLW5mLWNhbGwtaXB0YWJsZXMgID0gMQ0KbmV0LmJyaWRnZS5icmlkZ2UtbmYtY2FsbC1pcDZ0YWJsZXMgPSAxDQpuZXQuaXB2NC5pcF9mb3J3YXJkICAgICAgICAgICAgICAgICA9IDENCkVPRg0KDQojIEFwcGx5IHN5c2N0bCBwYXJhbXMgd2l0aG91dCByZWJvb3QNCnN1ZG8gc3lzY3RsIC0tc3lzdGVtDQoNCnN1ZG8gYXB0LWdldCB1cGRhdGUgLXkNCnN1ZG8gYXB0LWdldCBpbnN0YWxsIC15IGFwdC10cmFuc3BvcnQtaHR0cHMgY2EtY2VydGlmaWNhdGVzIGN1cmwgZ3BnDQoNCiMgSW5zdGFsbCBEb2NrZXINCiMgQWRkIERvY2tlcidzIG9mZmljaWFsIEdQRyBrZXk6DQpzdWRvIGFwdC1nZXQgdXBkYXRlIC15DQpzdWRvIGFwdC1nZXQgaW5zdGFsbCAteSBjYS1jZXJ0aWZpY2F0ZXMgY3VybA0Kc3VkbyBpbnN0YWxsIC1tIDA3NTUgLWQgL2V0Yy9hcHQva2V5cmluZ3MNCnN1ZG8gY3VybCAtZnNTTCBodHRwczovL2Rvd25sb2FkLmRvY2tlci5jb20vbGludXgvdWJ1bnR1L2dwZyAtbyAvZXRjL2FwdC9rZXlyaW5ncy9kb2NrZXIuYXNjDQpzdWRvIGNobW9kIGErciAvZXRjL2FwdC9rZXlyaW5ncy9kb2NrZXIuYXNjDQoNCiMgQWRkIHRoZSByZXBvc2l0b3J5IHRvIEFwdCBzb3VyY2VzOg0KZWNobyBcDQogICJkZWIgW2FyY2g9JChkcGtnIC0tcHJpbnQtYXJjaGl0ZWN0dXJlKSBzaWduZWQtYnk9L2V0Yy9hcHQva2V5cmluZ3MvZG9ja2VyLmFzY10gaHR0cHM6Ly9kb3dubG9hZC5kb2NrZXIuY29tL2xpbnV4L3VidW50dSBcDQogICQoLiAvZXRjL29zLXJlbGVhc2UgJiYgZWNobyAiJFZFUlNJT05fQ09ERU5BTUUiKSBzdGFibGUiIHwgXA0KICBzdWRvIHRlZSAvZXRjL2FwdC9zb3VyY2VzLmxpc3QuZC9kb2NrZXIubGlzdCA+IC9kZXYvbnVsbA0Kc3VkbyBhcHQtZ2V0IHVwZGF0ZSAteQ0Kc3VkbyBhcHQtZ2V0IGluc3RhbGwgLXkgZG9ja2VyLWNlIGRvY2tlci1jZS1jbGkgY29udGFpbmVyZC5pbyBkb2NrZXItYnVpbGR4LXBsdWdpbiBkb2NrZXItY29tcG9zZS1wbHVnaW4NCg0KIyBJbnN0YWxsIGt1YmVsZXQsIGt1YmVjdGwsIGFuZCBrdWJlYWRtDQpjdXJsIC1mc1NMIGh0dHBzOi8vcGtncy5rOHMuaW8vY29yZTovc3RhYmxlOi8kS1VCRVJORVRFU19WRVJTSU9OL2RlYi9SZWxlYXNlLmtleSB8IGdwZyAtLWRlYXJtb3IgLW8gL2V0Yy9hcHQva2V5cmluZ3Mva3ViZXJuZXRlcy1hcHQta2V5cmluZy5ncGcNCg0KZWNobyAiZGViIFtzaWduZWQtYnk9L2V0Yy9hcHQva2V5cmluZ3Mva3ViZXJuZXRlcy1hcHQta2V5cmluZy5ncGddIGh0dHBzOi8vcGtncy5rOHMuaW8vY29yZTovc3RhYmxlOi8kS1VCRVJORVRFU19WRVJTSU9OL2RlYi8gLyIgfCB0ZWUgL2V0Yy9hcHQvc291cmNlcy5saXN0LmQva3ViZXJuZXRlcy5saXN0DQoNCnN1ZG8gYXB0LWdldCB1cGRhdGUgLXkNCnN1ZG8gYXB0LWdldCBpbnN0YWxsIC15IGt1YmVsZXQ9IiRLVUJFUk5FVEVTX0lOU1RBTExfVkVSU0lPTiIga3ViZWN0bD0iJEtVQkVSTkVURVNfSU5TVEFMTF9WRVJTSU9OIiBrdWJlYWRtPSIkS1VCRVJORVRFU19JTlNUQUxMX1ZFUlNJT04iDQpzdWRvIGFwdC1tYXJrIGhvbGQga3ViZWxldCBrdWJlYWRtIGt1YmVjdGwNCg0Kc3VkbyBta2RpciAtcCAvZXRjL2NvbnRhaW5lcmQNCnN1ZG8gY29udGFpbmVyZCBjb25maWcgZGVmYXVsdCB8IHN1ZG8gdGVlIC9ldGMvY29udGFpbmVyZC9jb25maWcudG9tbA0Kc3VkbyBzZWQgLWkgJ3MvU3lzdGVtZENncm91cCA9IGZhbHNlL1N5c3RlbWRDZ3JvdXAgPSB0cnVlLycgL2V0Yy9jb250YWluZXJkL2NvbmZpZy50b21sDQpzdWRvIHN5c3RlbWN0bCByZXN0YXJ0IGNvbnRhaW5lcmQNCg0Kc3VkbyBhcHQtZ2V0IHVwZGF0ZSAteQ0KIyBPTiBDT05UUk9MTEVSIE5PREUgOg0KIyBzdWRvIGt1YmVhZG0gaW5pdCAtLXBvZC1uZXR3b3JrLWNpZHI9MTAuMjQ0LjAuMC8xNg0KIyBta2RpciAtcCAkSE9NRS8ua3ViZQ0KIyBzdWRvIGNwIC1pIC9ldGMva3ViZXJuZXRlcy9hZG1pbi5jb25mICRIT01FLy5rdWJlL2NvbmZpZw0KIyBzdWRvIGNob3duICQoaWQgLXUpOiQoaWQgLWcpICRIT01FLy5rdWJlL2NvbmZpZw0KIyBrdWJlY3RsIGFwcGx5IC1mIGh0dHBzOi8vZG9jcy5wcm9qZWN0Y2FsaWNvLm9yZy9tYW5pZmVzdHMvY2FsaWNvLnlhbWwNCiMga3ViZWN0bCBhcHBseSAtZiBodHRwczovL3Jhdy5naXRodWJ1c2VyY29udGVudC5jb20va3ViZXJuZXRlcy9pbmdyZXNzLW5naW54L2NvbnRyb2xsZXItdjEuMTEuMi9kZXBsb3kvc3RhdGljL3Byb3ZpZGVyL2JhcmVtZXRhbC9kZXBsb3kueWFtbA==",
            "dedicated_host_group_id": "",
            "dedicated_host_id": "",
            "disable_password_authentication": true,
            "disk_controller_type": "",
            "edge_zone": "",
            "encryption_at_host_enabled": false,
            "eviction_policy": "",
            "extensions_time_budget": "PT1H30M",
            "gallery_application": [],
            "id": "/subscriptions/b5798305-3a2b-40a8-ab96-90e8c471ddeb/resourceGroups/dop-rg/providers/Microsoft.Compute/virtualMachines/k8s-worker-node-2",
            "identity": [],
            "license_type": "",
            "location": "westeurope",
            "max_bid_price": -1,
            "name": "k8s-worker-node-2",
            "network_interface_ids": [
              "/subscriptions/b5798305-3a2b-40a8-ab96-90e8c471ddeb/resourceGroups/dop-rg/providers/Microsoft.Network/networkInterfaces/dop-worker-node-2-nic"
            ],
            "os_disk": [
              {
                "caching": "ReadWrite",
                "diff_disk_settings": [],
                "disk_encryption_set_id": "",
                "disk_size_gb": 30,
                "name": "k8s-worker-node-2_OsDisk_1_3034503459db4d6ba4373d576a7f1ef3",
                "secure_vm_disk_encryption_set_id": "",
                "security_encryption_type": "",
                "storage_account_type": "Standard_LRS",
                "write_accelerator_enabled": false
              }
            ],
            "os_image_notification": [],
            "patch_assessment_mode": "ImageDefault",
            "patch_mode": "ImageDefault",
            "plan": [],
            "platform_fault_domain": -1,
            "priority": "Regular",
            "private_ip_address": "10.0.3.4",
            "private_ip_addresses": [
              "10.0.3.4"
            ],
            "provision_vm_agent": true,
            "proximity_placement_group_id": "",
            "public_ip_address": "40.68.33.17",
            "public_ip_addresses": [
              "40.68.33.17"
            ],
            "reboot_setting": "",
            "resource_group_name": "dop-rg",
            "secret": [],
            "secure_boot_enabled": false,
            "size": "Standard_B1s",
            "source_image_id": "",
            "source_image_reference": [
              {
                "offer": "0001-com-ubuntu-server-jammy",
                "publisher": "Canonical",
                "sku": "22_04-lts",
                "version": "latest"
              }
            ],
            "tags": {
              "environment": "Development"
            },
            "termination_notification": [],
            "timeouts": null,
            "user_data": "",
            "virtual_machine_id": "cf67d0a8-4049-4546-87fb-364d8ad9431a",
            "virtual_machine_scale_set_id": "",
            "vm_agent_platform_updates_enabled": false,
            "vtpm_enabled": false,
            "zone": ""
          },
          "sensitive_attributes": [
            [
              {
                "type": "get_attr",
                "value": "admin_password"
              }
            ],
            [
              {
                "type": "get_attr",
                "value": "custom_data"
              }
            ]
          ],
          "private": "eyJlMmJmYjczMC1lY2FhLTExZTYtOGY4OC0zNDM2M2JjN2M0YzAiOnsiY3JlYXRlIjoyNzAwMDAwMDAwMDAwLCJkZWxldGUiOjI3MDAwMDAwMDAwMDAsInJlYWQiOjMwMDAwMDAwMDAwMCwidXBkYXRlIjoyNzAwMDAwMDAwMDAwfX0=",
          "dependencies": [
            "azurerm_network_interface.dop_nic",
            "azurerm_public_ip.dop_ip",
            "azurerm_resource_group.dop_rg",
            "azurerm_subnet.dop_subnet",
            "azurerm_virtual_network.dop_vn"
          ]
        }
      ]
    },
    {
      "mode": "managed",
      "type": "azurerm_network_interface",
      "name": "dop_nic",
      "provider": "provider[\"registry.terraform.io/hashicorp/azurerm\"]",
      "instances": [
        {
          "index_key": 0,
          "schema_version": 0,
          "attributes": {
            "accelerated_networking_enabled": false,
            "applied_dns_servers": [],
            "auxiliary_mode": "",
            "auxiliary_sku": "",
            "dns_servers": [],
            "edge_zone": "",
            "id": "/subscriptions/b5798305-3a2b-40a8-ab96-90e8c471ddeb/resourceGroups/dop-rg/providers/Microsoft.Network/networkInterfaces/dop-controller-node-nic",
            "internal_dns_name_label": "",
            "internal_domain_name_suffix": "xawfp0uqmbfehgvhyjtetz3zja.ax.internal.cloudapp.net",
            "ip_configuration": [
              {
                "gateway_load_balancer_frontend_ip_configuration_id": "",
                "name": "internal",
                "primary": true,
                "private_ip_address": "10.0.1.4",
                "private_ip_address_allocation": "Dynamic",
                "private_ip_address_version": "IPv4",
                "public_ip_address_id": "/subscriptions/b5798305-3a2b-40a8-ab96-90e8c471ddeb/resourceGroups/dop-rg/providers/Microsoft.Network/publicIPAddresses/dop-controller-node-ip",
                "subnet_id": "/subscriptions/b5798305-3a2b-40a8-ab96-90e8c471ddeb/resourceGroups/dop-rg/providers/Microsoft.Network/virtualNetworks/dop-vn/subnets/dop-subnet-controller-node"
              }
            ],
            "ip_forwarding_enabled": false,
            "location": "westeurope",
            "mac_address": "60-45-BD-96-28-B4",
            "name": "dop-controller-node-nic",
            "private_ip_address": "10.0.1.4",
            "private_ip_addresses": [
              "10.0.1.4"
            ],
            "resource_group_name": "dop-rg",
            "tags": {},
            "timeouts": null,
            "virtual_machine_id": "/subscriptions/b5798305-3a2b-40a8-ab96-90e8c471ddeb/resourceGroups/dop-rg/providers/Microsoft.Compute/virtualMachines/k8s-controller-node"
          },
          "sensitive_attributes": [],
          "private": "eyJlMmJmYjczMC1lY2FhLTExZTYtOGY4OC0zNDM2M2JjN2M0YzAiOnsiY3JlYXRlIjoxODAwMDAwMDAwMDAwLCJkZWxldGUiOjE4MDAwMDAwMDAwMDAsInJlYWQiOjMwMDAwMDAwMDAwMCwidXBkYXRlIjoxODAwMDAwMDAwMDAwfX0=",
          "dependencies": [
            "azurerm_public_ip.dop_ip",
            "azurerm_resource_group.dop_rg",
            "azurerm_subnet.dop_subnet",
            "azurerm_virtual_network.dop_vn"
          ]
        },
        {
          "index_key": 1,
          "schema_version": 0,
          "attributes": {
            "accelerated_networking_enabled": false,
            "applied_dns_servers": [],
            "auxiliary_mode": "",
            "auxiliary_sku": "",
            "dns_servers": [],
            "edge_zone": "",
            "id": "/subscriptions/b5798305-3a2b-40a8-ab96-90e8c471ddeb/resourceGroups/dop-rg/providers/Microsoft.Network/networkInterfaces/dop-worker-node-1-nic",
            "internal_dns_name_label": "",
            "internal_domain_name_suffix": "xawfp0uqmbfehgvhyjtetz3zja.ax.internal.cloudapp.net",
            "ip_configuration": [
              {
                "gateway_load_balancer_frontend_ip_configuration_id": "",
                "name": "internal",
                "primary": true,
                "private_ip_address": "10.0.2.4",
                "private_ip_address_allocation": "Dynamic",
                "private_ip_address_version": "IPv4",
                "public_ip_address_id": "/subscriptions/b5798305-3a2b-40a8-ab96-90e8c471ddeb/resourceGroups/dop-rg/providers/Microsoft.Network/publicIPAddresses/dop-worker-node-1-ip",
                "subnet_id": "/subscriptions/b5798305-3a2b-40a8-ab96-90e8c471ddeb/resourceGroups/dop-rg/providers/Microsoft.Network/virtualNetworks/dop-vn/subnets/dop-subnet-worker-node-1"
              }
            ],
            "ip_forwarding_enabled": false,
            "location": "westeurope",
            "mac_address": "60-45-BD-F3-18-BF",
            "name": "dop-worker-node-1-nic",
            "private_ip_address": "10.0.2.4",
            "private_ip_addresses": [
              "10.0.2.4"
            ],
            "resource_group_name": "dop-rg",
            "tags": {},
            "timeouts": null,
            "virtual_machine_id": "/subscriptions/b5798305-3a2b-40a8-ab96-90e8c471ddeb/resourceGroups/dop-rg/providers/Microsoft.Compute/virtualMachines/k8s-worker-node-1"
          },
          "sensitive_attributes": [],
          "private": "eyJlMmJmYjczMC1lY2FhLTExZTYtOGY4OC0zNDM2M2JjN2M0YzAiOnsiY3JlYXRlIjoxODAwMDAwMDAwMDAwLCJkZWxldGUiOjE4MDAwMDAwMDAwMDAsInJlYWQiOjMwMDAwMDAwMDAwMCwidXBkYXRlIjoxODAwMDAwMDAwMDAwfX0=",
          "dependencies": [
            "azurerm_public_ip.dop_ip",
            "azurerm_resource_group.dop_rg",
            "azurerm_subnet.dop_subnet",
            "azurerm_virtual_network.dop_vn"
          ]
        },
        {
          "index_key": 2,
          "schema_version": 0,
          "attributes": {
            "accelerated_networking_enabled": false,
            "applied_dns_servers": [],
            "auxiliary_mode": "",
            "auxiliary_sku": "",
            "dns_servers": [],
            "edge_zone": "",
            "id": "/subscriptions/b5798305-3a2b-40a8-ab96-90e8c471ddeb/resourceGroups/dop-rg/providers/Microsoft.Network/networkInterfaces/dop-worker-node-2-nic",
            "internal_dns_name_label": "",
            "internal_domain_name_suffix": "xawfp0uqmbfehgvhyjtetz3zja.ax.internal.cloudapp.net",
            "ip_configuration": [
              {
                "gateway_load_balancer_frontend_ip_configuration_id": "",
                "name": "internal",
                "primary": true,
                "private_ip_address": "10.0.3.4",
                "private_ip_address_allocation": "Dynamic",
                "private_ip_address_version": "IPv4",
                "public_ip_address_id": "/subscriptions/b5798305-3a2b-40a8-ab96-90e8c471ddeb/resourceGroups/dop-rg/providers/Microsoft.Network/publicIPAddresses/dop-worker-node-2-ip",
                "subnet_id": "/subscriptions/b5798305-3a2b-40a8-ab96-90e8c471ddeb/resourceGroups/dop-rg/providers/Microsoft.Network/virtualNetworks/dop-vn/subnets/dop-subnet-worker-node-2"
              }
            ],
            "ip_forwarding_enabled": false,
            "location": "westeurope",
            "mac_address": "60-45-BD-92-E7-31",
            "name": "dop-worker-node-2-nic",
            "private_ip_address": "10.0.3.4",
            "private_ip_addresses": [
              "10.0.3.4"
            ],
            "resource_group_name": "dop-rg",
            "tags": {},
            "timeouts": null,
            "virtual_machine_id": "/subscriptions/b5798305-3a2b-40a8-ab96-90e8c471ddeb/resourceGroups/dop-rg/providers/Microsoft.Compute/virtualMachines/k8s-worker-node-2"
          },
          "sensitive_attributes": [],
          "private": "eyJlMmJmYjczMC1lY2FhLTExZTYtOGY4OC0zNDM2M2JjN2M0YzAiOnsiY3JlYXRlIjoxODAwMDAwMDAwMDAwLCJkZWxldGUiOjE4MDAwMDAwMDAwMDAsInJlYWQiOjMwMDAwMDAwMDAwMCwidXBkYXRlIjoxODAwMDAwMDAwMDAwfX0=",
          "dependencies": [
            "azurerm_public_ip.dop_ip",
            "azurerm_resource_group.dop_rg",
            "azurerm_subnet.dop_subnet",
            "azurerm_virtual_network.dop_vn"
          ]
        }
      ]
    },
    {
      "mode": "managed",
      "type": "azurerm_network_security_group",
      "name": "dop_nsg",
      "provider": "provider[\"registry.terraform.io/hashicorp/azurerm\"]",
      "instances": [
        {
          "schema_version": 0,
          "attributes": {
            "id": "/subscriptions/b5798305-3a2b-40a8-ab96-90e8c471ddeb/resourceGroups/dop-rg/providers/Microsoft.Network/networkSecurityGroups/dop-nsg",
            "location": "westeurope",
            "name": "dop-nsg",
            "resource_group_name": "dop-rg",
            "security_rule": [
              {
                "access": "Allow",
                "description": "",
                "destination_address_prefix": "*",
                "destination_address_prefixes": [],
                "destination_application_security_group_ids": [],
                "destination_port_range": "",
                "destination_port_ranges": [
                  "22",
                  "25",
                  "3000-10000",
                  "30000-32767",
                  "443",
                  "465",
                  "80"
                ],
                "direction": "Inbound",
                "name": "dop-dev-rule",
                "priority": 100,
                "protocol": "Tcp",
                "source_address_prefix": "197.15.193.29",
                "source_address_prefixes": [],
                "source_application_security_group_ids": [],
                "source_port_range": "*",
                "source_port_ranges": []
              }
            ],
            "tags": {
              "environment": "Development"
            },
            "timeouts": null
          },
          "sensitive_attributes": [],
          "private": "eyJlMmJmYjczMC1lY2FhLTExZTYtOGY4OC0zNDM2M2JjN2M0YzAiOnsiY3JlYXRlIjoxODAwMDAwMDAwMDAwLCJkZWxldGUiOjE4MDAwMDAwMDAwMDAsInJlYWQiOjMwMDAwMDAwMDAwMCwidXBkYXRlIjoxODAwMDAwMDAwMDAwfX0=",
          "dependencies": [
            "azurerm_resource_group.dop_rg"
          ]
        }
      ]
    },
    {
      "mode": "managed",
      "type": "azurerm_network_security_rule",
      "name": "dop_dev_rule",
      "provider": "provider[\"registry.terraform.io/hashicorp/azurerm\"]",
      "instances": [
        {
          "schema_version": 0,
          "attributes": {
            "access": "Allow",
            "description": "",
            "destination_address_prefix": "*",
            "destination_address_prefixes": [],
            "destination_application_security_group_ids": [],
            "destination_port_range": "",
            "destination_port_ranges": [
              "22",
              "25",
              "3000-10000",
              "30000-32767",
              "443",
              "465",
              "80"
            ],
            "direction": "Inbound",
            "id": "/subscriptions/b5798305-3a2b-40a8-ab96-90e8c471ddeb/resourceGroups/dop-rg/providers/Microsoft.Network/networkSecurityGroups/dop-nsg/securityRules/dop-dev-rule",
            "name": "dop-dev-rule",
            "network_security_group_name": "dop-nsg",
            "priority": 100,
            "protocol": "Tcp",
            "resource_group_name": "dop-rg",
            "source_address_prefix": "197.15.193.29",
            "source_address_prefixes": [],
            "source_application_security_group_ids": [],
            "source_port_range": "*",
            "source_port_ranges": [],
            "timeouts": null
          },
          "sensitive_attributes": [],
          "private": "eyJlMmJmYjczMC1lY2FhLTExZTYtOGY4OC0zNDM2M2JjN2M0YzAiOnsiY3JlYXRlIjoxODAwMDAwMDAwMDAwLCJkZWxldGUiOjE4MDAwMDAwMDAwMDAsInJlYWQiOjMwMDAwMDAwMDAwMCwidXBkYXRlIjoxODAwMDAwMDAwMDAwfX0=",
          "dependencies": [
            "azurerm_network_security_group.dop_nsg",
            "azurerm_resource_group.dop_rg"
          ]
        }
      ]
    },
    {
      "mode": "managed",
      "type": "azurerm_public_ip",
      "name": "dop_ip",
      "provider": "provider[\"registry.terraform.io/hashicorp/azurerm\"]",
      "instances": [
        {
          "index_key": 0,
          "schema_version": 0,
          "attributes": {
            "allocation_method": "Dynamic",
            "ddos_protection_mode": "VirtualNetworkInherited",
            "ddos_protection_plan_id": null,
            "domain_name_label": null,
            "edge_zone": "",
            "fqdn": null,
            "id": "/subscriptions/b5798305-3a2b-40a8-ab96-90e8c471ddeb/resourceGroups/dop-rg/providers/Microsoft.Network/publicIPAddresses/dop-controller-node-ip",
            "idle_timeout_in_minutes": 4,
            "ip_address": "52.174.150.129",
            "ip_tags": {},
            "ip_version": "IPv4",
            "location": "westeurope",
            "name": "dop-controller-node-ip",
            "public_ip_prefix_id": null,
            "resource_group_name": "dop-rg",
            "reverse_fqdn": null,
            "sku": "Basic",
            "sku_tier": "Regional",
            "tags": {
              "environment": "Development"
            },
            "timeouts": null,
            "zones": []
          },
          "sensitive_attributes": [],
          "private": "eyJlMmJmYjczMC1lY2FhLTExZTYtOGY4OC0zNDM2M2JjN2M0YzAiOnsiY3JlYXRlIjoxODAwMDAwMDAwMDAwLCJkZWxldGUiOjE4MDAwMDAwMDAwMDAsInJlYWQiOjMwMDAwMDAwMDAwMCwidXBkYXRlIjoxODAwMDAwMDAwMDAwfX0=",
          "dependencies": [
            "azurerm_resource_group.dop_rg"
          ]
        },
        {
          "index_key": 1,
          "schema_version": 0,
          "attributes": {
            "allocation_method": "Dynamic",
            "ddos_protection_mode": "VirtualNetworkInherited",
            "ddos_protection_plan_id": null,
            "domain_name_label": null,
            "edge_zone": "",
            "fqdn": null,
            "id": "/subscriptions/b5798305-3a2b-40a8-ab96-90e8c471ddeb/resourceGroups/dop-rg/providers/Microsoft.Network/publicIPAddresses/dop-worker-node-1-ip",
            "idle_timeout_in_minutes": 4,
            "ip_address": "52.174.251.124",
            "ip_tags": {},
            "ip_version": "IPv4",
            "location": "westeurope",
            "name": "dop-worker-node-1-ip",
            "public_ip_prefix_id": null,
            "resource_group_name": "dop-rg",
            "reverse_fqdn": null,
            "sku": "Basic",
            "sku_tier": "Regional",
            "tags": {
              "environment": "Development"
            },
            "timeouts": null,
            "zones": []
          },
          "sensitive_attributes": [],
          "private": "eyJlMmJmYjczMC1lY2FhLTExZTYtOGY4OC0zNDM2M2JjN2M0YzAiOnsiY3JlYXRlIjoxODAwMDAwMDAwMDAwLCJkZWxldGUiOjE4MDAwMDAwMDAwMDAsInJlYWQiOjMwMDAwMDAwMDAwMCwidXBkYXRlIjoxODAwMDAwMDAwMDAwfX0=",
          "dependencies": [
            "azurerm_resource_group.dop_rg"
          ]
        },
        {
          "index_key": 2,
          "schema_version": 0,
          "attributes": {
            "allocation_method": "Dynamic",
            "ddos_protection_mode": "VirtualNetworkInherited",
            "ddos_protection_plan_id": null,
            "domain_name_label": null,
            "edge_zone": "",
            "fqdn": null,
            "id": "/subscriptions/b5798305-3a2b-40a8-ab96-90e8c471ddeb/resourceGroups/dop-rg/providers/Microsoft.Network/publicIPAddresses/dop-worker-node-2-ip",
            "idle_timeout_in_minutes": 4,
            "ip_address": "40.68.33.17",
            "ip_tags": {},
            "ip_version": "IPv4",
            "location": "westeurope",
            "name": "dop-worker-node-2-ip",
            "public_ip_prefix_id": null,
            "resource_group_name": "dop-rg",
            "reverse_fqdn": null,
            "sku": "Basic",
            "sku_tier": "Regional",
            "tags": {
              "environment": "Development"
            },
            "timeouts": null,
            "zones": []
          },
          "sensitive_attributes": [],
          "private": "eyJlMmJmYjczMC1lY2FhLTExZTYtOGY4OC0zNDM2M2JjN2M0YzAiOnsiY3JlYXRlIjoxODAwMDAwMDAwMDAwLCJkZWxldGUiOjE4MDAwMDAwMDAwMDAsInJlYWQiOjMwMDAwMDAwMDAwMCwidXBkYXRlIjoxODAwMDAwMDAwMDAwfX0=",
          "dependencies": [
            "azurerm_resource_group.dop_rg"
          ]
        }
      ]
    },
    {
      "mode": "managed",
      "type": "azurerm_resource_group",
      "name": "dop_rg",
      "provider": "provider[\"registry.terraform.io/hashicorp/azurerm\"]",
      "instances": [
        {
          "schema_version": 0,
          "attributes": {
            "id": "/subscriptions/b5798305-3a2b-40a8-ab96-90e8c471ddeb/resourceGroups/dop-rg",
            "location": "westeurope",
            "managed_by": "",
            "name": "dop-rg",
            "tags": {},
            "timeouts": null
          },
          "sensitive_attributes": [],
          "private": "eyJlMmJmYjczMC1lY2FhLTExZTYtOGY4OC0zNDM2M2JjN2M0YzAiOnsiY3JlYXRlIjo1NDAwMDAwMDAwMDAwLCJkZWxldGUiOjU0MDAwMDAwMDAwMDAsInJlYWQiOjMwMDAwMDAwMDAwMCwidXBkYXRlIjo1NDAwMDAwMDAwMDAwfX0="
        }
      ]
    },
    {
      "mode": "managed",
      "type": "azurerm_subnet",
      "name": "dop_subnet",
      "provider": "provider[\"registry.terraform.io/hashicorp/azurerm\"]",
      "instances": [
        {
          "index_key": 0,
          "schema_version": 0,
          "attributes": {
            "address_prefixes": [
              "10.0.1.0/24"
            ],
            "default_outbound_access_enabled": true,
            "delegation": [],
            "id": "/subscriptions/b5798305-3a2b-40a8-ab96-90e8c471ddeb/resourceGroups/dop-rg/providers/Microsoft.Network/virtualNetworks/dop-vn/subnets/dop-subnet-controller-node",
            "name": "dop-subnet-controller-node",
            "private_endpoint_network_policies": "Disabled",
            "private_link_service_network_policies_enabled": true,
            "resource_group_name": "dop-rg",
            "service_endpoint_policy_ids": [],
            "service_endpoints": [],
            "timeouts": null,
            "virtual_network_name": "dop-vn"
          },
          "sensitive_attributes": [],
          "private": "eyJlMmJmYjczMC1lY2FhLTExZTYtOGY4OC0zNDM2M2JjN2M0YzAiOnsiY3JlYXRlIjoxODAwMDAwMDAwMDAwLCJkZWxldGUiOjE4MDAwMDAwMDAwMDAsInJlYWQiOjMwMDAwMDAwMDAwMCwidXBkYXRlIjoxODAwMDAwMDAwMDAwfX0=",
          "dependencies": [
            "azurerm_resource_group.dop_rg",
            "azurerm_virtual_network.dop_vn"
          ]
        },
        {
          "index_key": 1,
          "schema_version": 0,
          "attributes": {
            "address_prefixes": [
              "10.0.2.0/24"
            ],
            "default_outbound_access_enabled": true,
            "delegation": [],
            "id": "/subscriptions/b5798305-3a2b-40a8-ab96-90e8c471ddeb/resourceGroups/dop-rg/providers/Microsoft.Network/virtualNetworks/dop-vn/subnets/dop-subnet-worker-node-1",
            "name": "dop-subnet-worker-node-1",
            "private_endpoint_network_policies": "Disabled",
            "private_link_service_network_policies_enabled": true,
            "resource_group_name": "dop-rg",
            "service_endpoint_policy_ids": [],
            "service_endpoints": [],
            "timeouts": null,
            "virtual_network_name": "dop-vn"
          },
          "sensitive_attributes": [],
          "private": "eyJlMmJmYjczMC1lY2FhLTExZTYtOGY4OC0zNDM2M2JjN2M0YzAiOnsiY3JlYXRlIjoxODAwMDAwMDAwMDAwLCJkZWxldGUiOjE4MDAwMDAwMDAwMDAsInJlYWQiOjMwMDAwMDAwMDAwMCwidXBkYXRlIjoxODAwMDAwMDAwMDAwfX0=",
          "dependencies": [
            "azurerm_resource_group.dop_rg",
            "azurerm_virtual_network.dop_vn"
          ]
        },
        {
          "index_key": 2,
          "schema_version": 0,
          "attributes": {
            "address_prefixes": [
              "10.0.3.0/24"
            ],
            "default_outbound_access_enabled": true,
            "delegation": [],
            "id": "/subscriptions/b5798305-3a2b-40a8-ab96-90e8c471ddeb/resourceGroups/dop-rg/providers/Microsoft.Network/virtualNetworks/dop-vn/subnets/dop-subnet-worker-node-2",
            "name": "dop-subnet-worker-node-2",
            "private_endpoint_network_policies": "Disabled",
            "private_link_service_network_policies_enabled": true,
            "resource_group_name": "dop-rg",
            "service_endpoint_policy_ids": [],
            "service_endpoints": [],
            "timeouts": null,
            "virtual_network_name": "dop-vn"
          },
          "sensitive_attributes": [],
          "private": "eyJlMmJmYjczMC1lY2FhLTExZTYtOGY4OC0zNDM2M2JjN2M0YzAiOnsiY3JlYXRlIjoxODAwMDAwMDAwMDAwLCJkZWxldGUiOjE4MDAwMDAwMDAwMDAsInJlYWQiOjMwMDAwMDAwMDAwMCwidXBkYXRlIjoxODAwMDAwMDAwMDAwfX0=",
          "dependencies": [
            "azurerm_resource_group.dop_rg",
            "azurerm_virtual_network.dop_vn"
          ]
        }
      ]
    },
    {
      "mode": "managed",
      "type": "azurerm_subnet_network_security_group_association",
      "name": "dop_sga",
      "provider": "provider[\"registry.terraform.io/hashicorp/azurerm\"]",
      "instances": [
        {
          "index_key": "0",
          "schema_version": 0,
          "attributes": {
            "id": "/subscriptions/b5798305-3a2b-40a8-ab96-90e8c471ddeb/resourceGroups/dop-rg/providers/Microsoft.Network/virtualNetworks/dop-vn/subnets/dop-subnet-controller-node",
            "network_security_group_id": "/subscriptions/b5798305-3a2b-40a8-ab96-90e8c471ddeb/resourceGroups/dop-rg/providers/Microsoft.Network/networkSecurityGroups/dop-nsg",
            "subnet_id": "/subscriptions/b5798305-3a2b-40a8-ab96-90e8c471ddeb/resourceGroups/dop-rg/providers/Microsoft.Network/virtualNetworks/dop-vn/subnets/dop-subnet-controller-node",
            "timeouts": null
          },
          "sensitive_attributes": [],
          "private": "eyJlMmJmYjczMC1lY2FhLTExZTYtOGY4OC0zNDM2M2JjN2M0YzAiOnsiY3JlYXRlIjoxODAwMDAwMDAwMDAwLCJkZWxldGUiOjE4MDAwMDAwMDAwMDAsInJlYWQiOjMwMDAwMDAwMDAwMH19",
          "dependencies": [
            "azurerm_network_security_group.dop_nsg",
            "azurerm_resource_group.dop_rg",
            "azurerm_subnet.dop_subnet",
            "azurerm_virtual_network.dop_vn"
          ]
        },
        {
          "index_key": "1",
          "schema_version": 0,
          "attributes": {
            "id": "/subscriptions/b5798305-3a2b-40a8-ab96-90e8c471ddeb/resourceGroups/dop-rg/providers/Microsoft.Network/virtualNetworks/dop-vn/subnets/dop-subnet-worker-node-1",
            "network_security_group_id": "/subscriptions/b5798305-3a2b-40a8-ab96-90e8c471ddeb/resourceGroups/dop-rg/providers/Microsoft.Network/networkSecurityGroups/dop-nsg",
            "subnet_id": "/subscriptions/b5798305-3a2b-40a8-ab96-90e8c471ddeb/resourceGroups/dop-rg/providers/Microsoft.Network/virtualNetworks/dop-vn/subnets/dop-subnet-worker-node-1",
            "timeouts": null
          },
          "sensitive_attributes": [],
          "private": "eyJlMmJmYjczMC1lY2FhLTExZTYtOGY4OC0zNDM2M2JjN2M0YzAiOnsiY3JlYXRlIjoxODAwMDAwMDAwMDAwLCJkZWxldGUiOjE4MDAwMDAwMDAwMDAsInJlYWQiOjMwMDAwMDAwMDAwMH19",
          "dependencies": [
            "azurerm_network_security_group.dop_nsg",
            "azurerm_resource_group.dop_rg",
            "azurerm_subnet.dop_subnet",
            "azurerm_virtual_network.dop_vn"
          ]
        },
        {
          "index_key": "2",
          "schema_version": 0,
          "attributes": {
            "id": "/subscriptions/b5798305-3a2b-40a8-ab96-90e8c471ddeb/resourceGroups/dop-rg/providers/Microsoft.Network/virtualNetworks/dop-vn/subnets/dop-subnet-worker-node-2",
            "network_security_group_id": "/subscriptions/b5798305-3a2b-40a8-ab96-90e8c471ddeb/resourceGroups/dop-rg/providers/Microsoft.Network/networkSecurityGroups/dop-nsg",
            "subnet_id": "/subscriptions/b5798305-3a2b-40a8-ab96-90e8c471ddeb/resourceGroups/dop-rg/providers/Microsoft.Network/virtualNetworks/dop-vn/subnets/dop-subnet-worker-node-2",
            "timeouts": null
          },
          "sensitive_attributes": [],
          "private": "eyJlMmJmYjczMC1lY2FhLTExZTYtOGY4OC0zNDM2M2JjN2M0YzAiOnsiY3JlYXRlIjoxODAwMDAwMDAwMDAwLCJkZWxldGUiOjE4MDAwMDAwMDAwMDAsInJlYWQiOjMwMDAwMDAwMDAwMH19",
          "dependencies": [
            "azurerm_network_security_group.dop_nsg",
            "azurerm_resource_group.dop_rg",
            "azurerm_subnet.dop_subnet",
            "azurerm_virtual_network.dop_vn"
          ]
        }
      ]
    },
    {
      "mode": "managed",
      "type": "azurerm_virtual_network",
      "name": "dop_vn",
      "provider": "provider[\"registry.terraform.io/hashicorp/azurerm\"]",
      "instances": [
        {
          "schema_version": 0,
          "attributes": {
            "address_space": [
              "10.0.0.0/16"
            ],
            "bgp_community": "",
            "ddos_protection_plan": [],
            "dns_servers": [],
            "edge_zone": "",
            "encryption": [],
            "flow_timeout_in_minutes": 0,
            "guid": "ea572cb8-6090-434a-9aa7-c26649e7b948",
            "id": "/subscriptions/b5798305-3a2b-40a8-ab96-90e8c471ddeb/resourceGroups/dop-rg/providers/Microsoft.Network/virtualNetworks/dop-vn",
            "location": "westeurope",
            "name": "dop-vn",
            "resource_group_name": "dop-rg",
            "subnet": [
              {
                "address_prefixes": [
                  "10.0.1.0/24"
                ],
                "default_outbound_access_enabled": true,
                "delegation": [],
                "id": "/subscriptions/b5798305-3a2b-40a8-ab96-90e8c471ddeb/resourceGroups/dop-rg/providers/Microsoft.Network/virtualNetworks/dop-vn/subnets/dop-subnet-controller-node",
                "name": "dop-subnet-controller-node",
                "private_endpoint_network_policies": "Disabled",
                "private_link_service_network_policies_enabled": true,
                "route_table_id": "",
                "security_group": "/subscriptions/b5798305-3a2b-40a8-ab96-90e8c471ddeb/resourceGroups/dop-rg/providers/Microsoft.Network/networkSecurityGroups/dop-nsg",
                "service_endpoint_policy_ids": [],
                "service_endpoints": []
              },
              {
                "address_prefixes": [
                  "10.0.2.0/24"
                ],
                "default_outbound_access_enabled": true,
                "delegation": [],
                "id": "/subscriptions/b5798305-3a2b-40a8-ab96-90e8c471ddeb/resourceGroups/dop-rg/providers/Microsoft.Network/virtualNetworks/dop-vn/subnets/dop-subnet-worker-node-1",
                "name": "dop-subnet-worker-node-1",
                "private_endpoint_network_policies": "Disabled",
                "private_link_service_network_policies_enabled": true,
                "route_table_id": "",
                "security_group": "/subscriptions/b5798305-3a2b-40a8-ab96-90e8c471ddeb/resourceGroups/dop-rg/providers/Microsoft.Network/networkSecurityGroups/dop-nsg",
                "service_endpoint_policy_ids": [],
                "service_endpoints": []
              },
              {
                "address_prefixes": [
                  "10.0.3.0/24"
                ],
                "default_outbound_access_enabled": true,
                "delegation": [],
                "id": "/subscriptions/b5798305-3a2b-40a8-ab96-90e8c471ddeb/resourceGroups/dop-rg/providers/Microsoft.Network/virtualNetworks/dop-vn/subnets/dop-subnet-worker-node-2",
                "name": "dop-subnet-worker-node-2",
                "private_endpoint_network_policies": "Disabled",
                "private_link_service_network_policies_enabled": true,
                "route_table_id": "",
                "security_group": "/subscriptions/b5798305-3a2b-40a8-ab96-90e8c471ddeb/resourceGroups/dop-rg/providers/Microsoft.Network/networkSecurityGroups/dop-nsg",
                "service_endpoint_policy_ids": [],
                "service_endpoints": []
              }
            ],
            "tags": {},
            "timeouts": null
          },
          "sensitive_attributes": [],
          "private": "eyJlMmJmYjczMC1lY2FhLTExZTYtOGY4OC0zNDM2M2JjN2M0YzAiOnsiY3JlYXRlIjoxODAwMDAwMDAwMDAwLCJkZWxldGUiOjE4MDAwMDAwMDAwMDAsInJlYWQiOjMwMDAwMDAwMDAwMCwidXBkYXRlIjoxODAwMDAwMDAwMDAwfX0=",
          "dependencies": [
            "azurerm_resource_group.dop_rg"
          ]
        }
      ]
    }
  ],
  "check_results": null
}
